// !$*UTF8*$!
{
	archiveVersion = 1;
	classes = {
	};
	objectVersion = 56;
	objects = {

/* Begin PBXBuildFile section */
		/* iOS App */
		001 /* MentalModelsApp.swift in Sources */ = {isa = PBXBuildFile; fileRef = 101; };
		
		/* watchOS App */
		002 /* MentalModelsWatchApp.swift in Sources */ = {isa = PBXBuildFile; fileRef = 102; };
/* End PBXBuildFile section */

/* Begin PBXFileReference section */
		101 /* MentalModelsApp.swift */ = {isa = PBXFileReference; lastKnownFileType = sourcecode.swift; path = MentalModelsApp.swift; sourceTree = "<group>"; };
		102 /* MentalModelsWatchApp.swift */ = {isa = PBXFileReference; lastKnownFileType = sourcecode.swift; path = MentalModelsWatchApp.swift; sourceTree = "<group>"; };
		201 /* MentalModels.app */ = {isa = PBXFileReference; explicitFileType = wrapper.application; includeInIndex = 0; path = MentalModels.app; sourceTree = BUILT_PRODUCTS_DIR; };
		202 /* MentalModelsWatch.app */ = {isa = PBXFileReference; explicitFileType = wrapper.application; includeInIndex = 0; path = "MentalModels Watch.app"; sourceTree = BUILT_PRODUCTS_DIR; };
/* End PBXFileReference section */

/* Begin PBXGroup section */
		MainGroup = {
			isa = PBXGroup;
			children = (
				MentalModelsGroup,
				MentalModelsWatchGroup,
				Products,
			);
			sourceTree = "<group>";
		};
		MentalModelsGroup = {
			isa = PBXGroup;
			children = (
				101 /* MentalModelsApp.swift */,
			);
			path = MentalModels;
			sourceTree = "<group>";
		};
		MentalModelsWatchGroup = {
			isa = PBXGroup;
			children = (
				102 /* MentalModelsWatchApp.swift */,
			);
			path = MentalModelsWatch;
			sourceTree = "<group>";
		};
		Products = {
			isa = PBXGroup;
			children = (
				201 /* MentalModels.app */,
				202 /* MentalModelsWatch.app */,
			);
			name = Products;
			sourceTree = "<group>";
		};
/* End PBXGroup section */

/* Begin PBXNativeTarget section */
		iOSTarget = {
			isa = PBXNativeTarget;
			buildConfigurationList = iOSConfigList;
			buildPhases = (
				iOSSources,
			);
			buildRules = (
			);
			dependencies = (
			);
			name = MentalModels;
			productName = MentalModels;
			productReference = 201;
			productType = "com.apple.product-type.application";
		};
		watchOSTarget = {
			isa = PBXNativeTarget;
			buildConfigurationList = watchOSConfigList;
			buildPhases = (
				watchOSSources,
			);
			buildRules = (
			);
			dependencies = (
			);
			name = "MentalModels Watch";
			productName = "MentalModels Watch";
			productReference = 202;
			productType = "com.apple.product-type.application";
		};
/* End PBXNativeTarget section */

/* Begin PBXProject section */
		Project = {
			isa = PBXProject;
			attributes = {
				BuildIndependentTargetsInParallel = 1;
				LastSwiftUpdateCheck = 1500;
				LastUpgradeCheck = 1500;
				TargetAttributes = {
					iOSTarget = {
						CreatedOnToolsVersion = 15.0;
					};
					watchOSTarget = {
						CreatedOnToolsVersion = 15.0;
					};
				};
			};
			buildConfigurationList = ProjectConfigList;
			compatibilityVersion = "Xcode 14.0";
			developmentRegion = en;
			hasScannedForEncodings = 0;
			knownRegions = (
				en,
				Base,
			);
			mainGroup = MainGroup;
			productRefGroup = Products;
			projectDirPath = "";
			projectRoot = "";
			targets = (
				iOSTarget,
				watchOSTarget,
			);
		};
/* End PBXProject section */

/* Begin PBXSourcesBuildPhase section */
		iOSSources = {
			isa = PBXSourcesBuildPhase;
			buildActionMask = 2147483647;
			files = (
				001,
			);
			runOnlyForDeploymentPostprocessing = 0;
		};
		watchOSSources = {
			isa = PBXSourcesBuildPhase;
			buildActionMask = 2147483647;
			files = (
				002,
			);
			runOnlyForDeploymentPostprocessing = 0;
		};
/* End PBXSourcesBuildPhase section */

/* Begin XCBuildConfiguration section */
		DebugConfig = {
			isa = XCBuildConfiguration;
			buildSettings = {
				ALWAYS_SEARCH_USER_PATHS = NO;
				CLANG_ENABLE_MODULES = YES;
				CLANG_ENABLE_OBJC_ARC = YES;
				COPY_PHASE_STRIP = NO;
				DEBUG_INFORMATION_FORMAT = dwarf;
				ENABLE_STRICT_OBJC_MSGSEND = YES;
				ENABLE_TESTABILITY = YES;
				GCC_DYNAMIC_NO_PIC = NO;
				GCC_OPTIMIZATION_LEVEL = 0;
				GCC_PREPROCESSOR_DEFINITIONS = (
					"DEBUG=1",
					"$(inherited)",
				);
				MTL_ENABLE_DEBUG_INFO = INCLUDE_SOURCE;
				ONLY_ACTIVE_ARCH = YES;
				SWIFT_ACTIVE_COMPILATION_CONDITIONS = DEBUG;
				SWIFT_OPTIMIZATION_LEVEL = "-Onone";
			};
			name = Debug;
		};
		ReleaseConfig = {
			isa = XCBuildConfiguration;
			buildSettings = {
				ALWAYS_SEARCH_USER_PATHS = NO;
				CLANG_ENABLE_MODULES = YES;
				CLANG_ENABLE_OBJC_ARC = YES;
				COPY_PHASE_STRIP = NO;
				DEBUG_INFORMATION_FORMAT = "dwarf-with-dsym";
				ENABLE_NS_ASSERTIONS = NO;
				ENABLE_STRICT_OBJC_MSGSEND = YES;
				MTL_ENABLE_DEBUG_INFO = NO;
				SWIFT_COMPILATION_MODE = wholemodule;
				SWIFT_OPTIMIZATION_LEVEL = "-O";
			};
			name = Release;
		};
		iOSDebug = {
			isa = XCBuildConfiguration;
			buildSettings = {
				ASSETCATALOG_COMPILER_APPICON_NAME = AppIcon;
				CODE_SIGN_STYLE = Automatic;
				CURRENT_PROJECT_VERSION = 1;
				DEVELOPMENT_TEAM = "";
				INFOPLIST_KEY_UIApplicationSceneManifest_Generation = YES;
				INFOPLIST_KEY_UIApplicationSupportsIndirectInputEvents = YES;
				INFOPLIST_KEY_UILaunchScreen_Generation = YES;
				INFOPLIST_KEY_UISupportedInterfaceOrientations_iPad = "UIInterfaceOrientationPortrait UIInterfaceOrientationPortraitUpsideDown UIInterfaceOrientationLandscapeLeft UIInterfaceOrientationLandscapeRight";
				INFOPLIST_KEY_UISupportedInterfaceOrientations_iPhone = "UIInterfaceOrientationPortrait UIInterfaceOrientationLandscapeLeft UIInterfaceOrientationLandscapeRight";
				IPHONEOS_DEPLOYMENT_TARGET = 17.0;
				LD_RUNPATH_SEARCH_PATHS = (
					"$(inherited)",
					"@executable_path/Frameworks",
				);
				MARKETING_VERSION = 1.0;
				PRODUCT_BUNDLE_IDENTIFIER = com.mentalmodels.app;
				PRODUCT_NAME = "$(TARGET_NAME)";
				SDKROOT = iphoneos;
				SWIFT_EMIT_LOC_STRINGS = YES;
				SWIFT_VERSION = 5.0;
				TARGETED_DEVICE_FAMILY = "1,2";
			};
			name = Debug;
		};
		iOSRelease = {
			isa = XCBuildConfiguration;
			buildSettings = {
				ASSETCATALOG_COMPILER_APPICON_NAME = AppIcon;
				CODE_SIGN_STYLE = Automatic;
				CURRENT_PROJECT_VERSION = 1;
				DEVELOPMENT_TEAM = "";
				INFOPLIST_KEY_UIApplicationSceneManifest_Generation = YES;
				INFOPLIST_KEY_UIApplicationSupportsIndirectInputEvents = YES;
				INFOPLIST_KEY_UILaunchScreen_Generation = YES;
				INFOPLIST_KEY_UISupportedInterfaceOrientations_iPad = "UIInterfaceOrientationPortrait UIInterfaceOrientationPortraitUpsideDown UIInterfaceOrientationLandscapeLeft UIInterfaceOrientationLandscapeRight";
				INFOPLIST_KEY_UISupportedInterfaceOrientations_iPhone = "UIInterfaceOrientationPortrait UIInterfaceOrientationLandscapeLeft UIInterfaceOrientationLandscapeRight";
				IPHONEOS_DEPLOYMENT_TARGET = 17.0;
				LD_RUNPATH_SEARCH_PATHS = (
					"$(inherited)",
					"@executable_path/Frameworks",
				);
				MARKETING_VERSION = 1.0;
				PRODUCT_BUNDLE_IDENTIFIER = com.mentalmodels.app;
				PRODUCT_NAME = "$(TARGET_NAME)";
				SDKROOT = iphoneos;
				SWIFT_EMIT_LOC_STRINGS = YES;
				SWIFT_VERSION = 5.0;
				TARGETED_DEVICE_FAMILY = "1,2";
				VALIDATE_PRODUCT = YES;
			};
			name = Release;
		};
		watchOSDebug = {
			isa = XCBuildConfiguration;
			buildSettings = {
				ASSETCATALOG_COMPILER_APPICON_NAME = AppIcon;
				CODE_SIGN_STYLE = Automatic;
				CURRENT_PROJECT_VERSION = 1;
				DEVELOPMENT_TEAM = "";
				INFOPLIST_KEY_WKCompanionAppBundleIdentifier = com.mentalmodels.app;
				LD_RUNPATH_SEARCH_PATHS = (
					"$(inherited)",
					"@executable_path/Frameworks",
				);
				MARKETING_VERSION = 1.0;
				PRODUCT_BUNDLE_IDENTIFIER = com.mentalmodels.app.watchkitapp;
				PRODUCT_NAME = "$(TARGET_NAME)";
				SDKROOT = watchos;
				SKIP_INSTALL = YES;
				SWIFT_EMIT_LOC_STRINGS = YES;
				SWIFT_VERSION = 5.0;
				TARGETED_DEVICE_FAMILY = 4;
				WATCHOS_DEPLOYMENT_TARGET = 10.0;
			};
			name = Debug;
		};
		watchOSRelease = {
			isa = XCBuildConfiguration;
			buildSettings = {
				ASSETCATALOG_COMPILER_APPICON_NAME = AppIcon;
				CODE_SIGN_STYLE = Automatic;
				CURRENT_PROJECT_VERSION = 1;
				DEVELOPMENT_TEAM = "";
				INFOPLIST_KEY_WKCompanionAppBundleIdentifier = com.mentalmodels.app;
				LD_RUNPATH_SEARCH_PATHS = (
					"$(inherited)",
					"@executable_path/Frameworks",
				);
				MARKETING_VERSION = 1.0;
				PRODUCT_BUNDLE_IDENTIFIER = com.mentalmodels.app.watchkitapp;
				PRODUCT_NAME = "$(TARGET_NAME)";
				SDKROOT = watchos;
				SKIP_INSTALL = YES;
				SWIFT_EMIT_LOC_STRINGS = YES;
				SWIFT_VERSION = 5.0;
				TARGETED_DEVICE_FAMILY = 4;
				VALIDATE_PRODUCT = YES;
				WATCHOS_DEPLOYMENT_TARGET = 10.0;
			};
			name = Release;
		};
/* End XCBuildConfiguration section */

/* Begin XCConfigurationList section */
		ProjectConfigList = {
			isa = XCConfigurationList;
			buildConfigurations = (
				DebugConfig,
				ReleaseConfig,
			);
			defaultConfigurationIsVisible = 0;
			defaultConfigurationName = Release;
		};
		iOSConfigList = {
			isa = XCConfigurationList;
			buildConfigurations = (
				iOSDebug,
				iOSRelease,
			);
			defaultConfigurationIsVisible = 0;
			defaultConfigurationName = Release;
		};
		watchOSConfigList = {
			isa = XCConfigurationList;
			buildConfigurations = (
				watchOSDebug,
				watchOSRelease,
			);
			defaultConfigurationIsVisible = 0;
			defaultConfigurationName = Release;
		};
/* End XCConfigurationList section */
	};
	rootObject = Project;
}
